
Microsoft Visual Studio Solution File, Format Version 12.00
# Visual Studio 15
VisualStudioVersion = 15.0.26730.16
MinimumVisualStudioVersion = 10.0.40219.1
Project("{9A19103F-16F7-4668-BE54-9A1E7A4F7556}") = "Styr.Core", "Styr.Core\Styr.Core.csproj", "{61905082-4464-404D-A558-890896585381}"
EndProject
Project("{FAE04EC0-301F-11D3-BF4B-00C04F79EFBC}") = "Styr.Windows", "Styr.Windows\Styr.Windows.csproj", "{E3C634B4-636A-4BA7-925B-25E3156A1CB3}"
EndProject
Global
	GlobalSection(SolutionConfigurationPlatforms) = preSolution
		Debug|Any CPU = Debug|Any CPU
		Release|Any CPU = Release|Any CPU
	EndGlobalSection
	GlobalSection(ProjectConfigurationPlatforms) = postSolution
		{61905082-4464-404D-A558-890896585381}.Debug|Any CPU.ActiveCfg = Debug|Any CPU
		{61905082-4464-404D-A558-890896585381}.Debug|Any CPU.Build.0 = Debug|Any CPU
		{61905082-4464-404D-A558-890896585381}.Release|Any CPU.ActiveCfg = Release|Any CPU
		{61905082-4464-404D-A558-890896585381}.Release|Any CPU.Build.0 = Release|Any CPU
		{E3C634B4-636A-4BA7-925B-25E3156A1CB3}.Debug|Any CPU.ActiveCfg = Debug|Any CPU
		{E3C634B4-636A-4BA7-925B-25E3156A1CB3}.Debug|Any CPU.Build.0 = Debug|Any CPU
		{E3C634B4-636A-4BA7-925B-25E3156A1CB3}.Release|Any CPU.ActiveCfg = Release|Any CPU
		{E3C634B4-636A-4BA7-925B-25E3156A1CB3}.Release|Any CPU.Build.0 = Release|Any CPU
	EndGlobalSection
	GlobalSection(SolutionProperties) = preSolution
		HideSolutionNode = FALSE
	EndGlobalSection
	GlobalSection(ExtensibilityGlobals) = postSolution
		SolutionGuid = {5187F460-DED2-441D-9031-21AE00097DB0}
	EndGlobalSection
EndGlobal
