
Microsoft Visual Studio Solution File, Format Version 12.00
# Visual Studio 15
VisualStudioVersion = 15.0.26730.16
MinimumVisualStudioVersion = 10.0.40219.1
Project("{9A19103F-16F7-4668-BE54-9A1E7A4F7556}") = "Styr.Core", "Styr.Core\Styr.Core.csproj", "{61905082-4464-404D-A558-890896585381}"
EndProject
Project("{FAE04EC0-301F-11D3-BF4B-00C04F79EFBC}") = "Styr.Windows", "Styr.Windows\Styr.Windows.csproj", "{E3C634B4-636A-4BA7-925B-25E3156A1CB3}"
EndProject
Project("{D954291E-2A0B-460D-934E-DC6B0785DB48}") = "Styr.App", "Styr.App\Styr.App\Styr.App.shproj", "{5E08DA29-A1A0-4550-B5B1-CAACAE63CE3D}"
EndProject
Project("{FAE04EC0-301F-11D3-BF4B-00C04F79EFBC}") = "Styr.App.Android", "Styr.App\Styr.App.Android\Styr.App.Android.csproj", "{D5737392-78CA-42CC-99CE-BFF1A68BF929}"
EndProject
Project("{FAE04EC0-301F-11D3-BF4B-00C04F79EFBC}") = "Styr.App.iOS", "Styr.App\Styr.App.iOS\Styr.App.iOS.csproj", "{A701D394-2AE5-4E64-B052-C7D4F0D7E8E7}"
EndProject
Global
	GlobalSection(SharedMSBuildProjectFiles) = preSolution
		Styr.App\Styr.App\Styr.App.projitems*{5e08da29-a1a0-4550-b5b1-caacae63ce3d}*SharedItemsImports = 13
		Styr.App\Styr.App\Styr.App.projitems*{a701d394-2ae5-4e64-b052-c7d4f0d7e8e7}*SharedItemsImports = 4
		Styr.App\Styr.App\Styr.App.projitems*{d5737392-78ca-42cc-99ce-bff1a68bf929}*SharedItemsImports = 4
	EndGlobalSection
	GlobalSection(SolutionConfigurationPlatforms) = preSolution
		Ad-Hoc|Any CPU = Ad-Hoc|Any CPU
		Ad-Hoc|iPhone = Ad-Hoc|iPhone
		Ad-Hoc|iPhoneSimulator = Ad-Hoc|iPhoneSimulator
		AppStore|Any CPU = AppStore|Any CPU
		AppStore|iPhone = AppStore|iPhone
		AppStore|iPhoneSimulator = AppStore|iPhoneSimulator
		Debug|Any CPU = Debug|Any CPU
		Debug|iPhone = Debug|iPhone
		Debug|iPhoneSimulator = Debug|iPhoneSimulator
		Release|Any CPU = Release|Any CPU
		Release|iPhone = Release|iPhone
		Release|iPhoneSimulator = Release|iPhoneSimulator
	EndGlobalSection
	GlobalSection(ProjectConfigurationPlatforms) = postSolution
		{61905082-4464-404D-A558-890896585381}.Ad-Hoc|Any CPU.ActiveCfg = Release|Any CPU
		{61905082-4464-404D-A558-890896585381}.Ad-Hoc|Any CPU.Build.0 = Release|Any CPU
		{61905082-4464-404D-A558-890896585381}.Ad-Hoc|iPhone.ActiveCfg = Release|Any CPU
		{61905082-4464-404D-A558-890896585381}.Ad-Hoc|iPhone.Build.0 = Release|Any CPU
		{61905082-4464-404D-A558-890896585381}.Ad-Hoc|iPhoneSimulator.ActiveCfg = Release|Any CPU
		{61905082-4464-404D-A558-890896585381}.Ad-Hoc|iPhoneSimulator.Build.0 = Release|Any CPU
		{61905082-4464-404D-A558-890896585381}.AppStore|Any CPU.ActiveCfg = Release|Any CPU
		{61905082-4464-404D-A558-890896585381}.AppStore|Any CPU.Build.0 = Release|Any CPU
		{61905082-4464-404D-A558-890896585381}.AppStore|iPhone.ActiveCfg = Release|Any CPU
		{61905082-4464-404D-A558-890896585381}.AppStore|iPhone.Build.0 = Release|Any CPU
		{61905082-4464-404D-A558-890896585381}.AppStore|iPhoneSimulator.ActiveCfg = Release|Any CPU
		{61905082-4464-404D-A558-890896585381}.AppStore|iPhoneSimulator.Build.0 = Release|Any CPU
		{61905082-4464-404D-A558-890896585381}.Debug|Any CPU.ActiveCfg = Debug|Any CPU
		{61905082-4464-404D-A558-890896585381}.Debug|Any CPU.Build.0 = Debug|Any CPU
		{61905082-4464-404D-A558-890896585381}.Debug|iPhone.ActiveCfg = Debug|Any CPU
		{61905082-4464-404D-A558-890896585381}.Debug|iPhone.Build.0 = Debug|Any CPU
		{61905082-4464-404D-A558-890896585381}.Debug|iPhoneSimulator.ActiveCfg = Debug|Any CPU
		{61905082-4464-404D-A558-890896585381}.Debug|iPhoneSimulator.Build.0 = Debug|Any CPU
		{61905082-4464-404D-A558-890896585381}.Release|Any CPU.ActiveCfg = Release|Any CPU
		{61905082-4464-404D-A558-890896585381}.Release|Any CPU.Build.0 = Release|Any CPU
		{61905082-4464-404D-A558-890896585381}.Release|iPhone.ActiveCfg = Release|Any CPU
		{61905082-4464-404D-A558-890896585381}.Release|iPhone.Build.0 = Release|Any CPU
		{61905082-4464-404D-A558-890896585381}.Release|iPhoneSimulator.ActiveCfg = Release|Any CPU
		{61905082-4464-404D-A558-890896585381}.Release|iPhoneSimulator.Build.0 = Release|Any CPU
		{E3C634B4-636A-4BA7-925B-25E3156A1CB3}.Ad-Hoc|Any CPU.ActiveCfg = Release|Any CPU
		{E3C634B4-636A-4BA7-925B-25E3156A1CB3}.Ad-Hoc|Any CPU.Build.0 = Release|Any CPU
		{E3C634B4-636A-4BA7-925B-25E3156A1CB3}.Ad-Hoc|iPhone.ActiveCfg = Release|Any CPU
		{E3C634B4-636A-4BA7-925B-25E3156A1CB3}.Ad-Hoc|iPhone.Build.0 = Release|Any CPU
		{E3C634B4-636A-4BA7-925B-25E3156A1CB3}.Ad-Hoc|iPhoneSimulator.ActiveCfg = Release|Any CPU
		{E3C634B4-636A-4BA7-925B-25E3156A1CB3}.Ad-Hoc|iPhoneSimulator.Build.0 = Release|Any CPU
		{E3C634B4-636A-4BA7-925B-25E3156A1CB3}.AppStore|Any CPU.ActiveCfg = Release|Any CPU
		{E3C634B4-636A-4BA7-925B-25E3156A1CB3}.AppStore|Any CPU.Build.0 = Release|Any CPU
		{E3C634B4-636A-4BA7-925B-25E3156A1CB3}.AppStore|iPhone.ActiveCfg = Release|Any CPU
		{E3C634B4-636A-4BA7-925B-25E3156A1CB3}.AppStore|iPhone.Build.0 = Release|Any CPU
		{E3C634B4-636A-4BA7-925B-25E3156A1CB3}.AppStore|iPhoneSimulator.ActiveCfg = Release|Any CPU
		{E3C634B4-636A-4BA7-925B-25E3156A1CB3}.AppStore|iPhoneSimulator.Build.0 = Release|Any CPU
		{E3C634B4-636A-4BA7-925B-25E3156A1CB3}.Debug|Any CPU.ActiveCfg = Debug|Any CPU
		{E3C634B4-636A-4BA7-925B-25E3156A1CB3}.Debug|Any CPU.Build.0 = Debug|Any CPU
		{E3C634B4-636A-4BA7-925B-25E3156A1CB3}.Debug|iPhone.ActiveCfg = Debug|Any CPU
		{E3C634B4-636A-4BA7-925B-25E3156A1CB3}.Debug|iPhone.Build.0 = Debug|Any CPU
		{E3C634B4-636A-4BA7-925B-25E3156A1CB3}.Debug|iPhoneSimulator.ActiveCfg = Debug|Any CPU
		{E3C634B4-636A-4BA7-925B-25E3156A1CB3}.Debug|iPhoneSimulator.Build.0 = Debug|Any CPU
		{E3C634B4-636A-4BA7-925B-25E3156A1CB3}.Release|Any CPU.ActiveCfg = Release|Any CPU
		{E3C634B4-636A-4BA7-925B-25E3156A1CB3}.Release|Any CPU.Build.0 = Release|Any CPU
		{E3C634B4-636A-4BA7-925B-25E3156A1CB3}.Release|iPhone.ActiveCfg = Release|Any CPU
		{E3C634B4-636A-4BA7-925B-25E3156A1CB3}.Release|iPhone.Build.0 = Release|Any CPU
		{E3C634B4-636A-4BA7-925B-25E3156A1CB3}.Release|iPhoneSimulator.ActiveCfg = Release|Any CPU
		{E3C634B4-636A-4BA7-925B-25E3156A1CB3}.Release|iPhoneSimulator.Build.0 = Release|Any CPU
		{D5737392-78CA-42CC-99CE-BFF1A68BF929}.Ad-Hoc|Any CPU.ActiveCfg = Release|Any CPU
		{D5737392-78CA-42CC-99CE-BFF1A68BF929}.Ad-Hoc|Any CPU.Build.0 = Release|Any CPU
		{D5737392-78CA-42CC-99CE-BFF1A68BF929}.Ad-Hoc|Any CPU.Deploy.0 = Release|Any CPU
		{D5737392-78CA-42CC-99CE-BFF1A68BF929}.Ad-Hoc|iPhone.ActiveCfg = Release|Any CPU
		{D5737392-78CA-42CC-99CE-BFF1A68BF929}.Ad-Hoc|iPhone.Build.0 = Release|Any CPU
		{D5737392-78CA-42CC-99CE-BFF1A68BF929}.Ad-Hoc|iPhone.Deploy.0 = Release|Any CPU
		{D5737392-78CA-42CC-99CE-BFF1A68BF929}.Ad-Hoc|iPhoneSimulator.ActiveCfg = Release|Any CPU
		{D5737392-78CA-42CC-99CE-BFF1A68BF929}.Ad-Hoc|iPhoneSimulator.Build.0 = Release|Any CPU
		{D5737392-78CA-42CC-99CE-BFF1A68BF929}.Ad-Hoc|iPhoneSimulator.Deploy.0 = Release|Any CPU
		{D5737392-78CA-42CC-99CE-BFF1A68BF929}.AppStore|Any CPU.ActiveCfg = Release|Any CPU
		{D5737392-78CA-42CC-99CE-BFF1A68BF929}.AppStore|Any CPU.Build.0 = Release|Any CPU
		{D5737392-78CA-42CC-99CE-BFF1A68BF929}.AppStore|Any CPU.Deploy.0 = Release|Any CPU
		{D5737392-78CA-42CC-99CE-BFF1A68BF929}.AppStore|iPhone.ActiveCfg = Release|Any CPU
		{D5737392-78CA-42CC-99CE-BFF1A68BF929}.AppStore|iPhone.Build.0 = Release|Any CPU
		{D5737392-78CA-42CC-99CE-BFF1A68BF929}.AppStore|iPhone.Deploy.0 = Release|Any CPU
		{D5737392-78CA-42CC-99CE-BFF1A68BF929}.AppStore|iPhoneSimulator.ActiveCfg = Release|Any CPU
		{D5737392-78CA-42CC-99CE-BFF1A68BF929}.AppStore|iPhoneSimulator.Build.0 = Release|Any CPU
		{D5737392-78CA-42CC-99CE-BFF1A68BF929}.AppStore|iPhoneSimulator.Deploy.0 = Release|Any CPU
		{D5737392-78CA-42CC-99CE-BFF1A68BF929}.Debug|Any CPU.ActiveCfg = Debug|Any CPU
		{D5737392-78CA-42CC-99CE-BFF1A68BF929}.Debug|Any CPU.Build.0 = Debug|Any CPU
		{D5737392-78CA-42CC-99CE-BFF1A68BF929}.Debug|Any CPU.Deploy.0 = Debug|Any CPU
		{D5737392-78CA-42CC-99CE-BFF1A68BF929}.Debug|iPhone.ActiveCfg = Debug|Any CPU
		{D5737392-78CA-42CC-99CE-BFF1A68BF929}.Debug|iPhone.Build.0 = Debug|Any CPU
		{D5737392-78CA-42CC-99CE-BFF1A68BF929}.Debug|iPhone.Deploy.0 = Debug|Any CPU
		{D5737392-78CA-42CC-99CE-BFF1A68BF929}.Debug|iPhoneSimulator.ActiveCfg = Debug|Any CPU
		{D5737392-78CA-42CC-99CE-BFF1A68BF929}.Debug|iPhoneSimulator.Build.0 = Debug|Any CPU
		{D5737392-78CA-42CC-99CE-BFF1A68BF929}.Debug|iPhoneSimulator.Deploy.0 = Debug|Any CPU
		{D5737392-78CA-42CC-99CE-BFF1A68BF929}.Release|Any CPU.ActiveCfg = Release|Any CPU
		{D5737392-78CA-42CC-99CE-BFF1A68BF929}.Release|Any CPU.Build.0 = Release|Any CPU
		{D5737392-78CA-42CC-99CE-BFF1A68BF929}.Release|Any CPU.Deploy.0 = Release|Any CPU
		{D5737392-78CA-42CC-99CE-BFF1A68BF929}.Release|iPhone.ActiveCfg = Release|Any CPU
		{D5737392-78CA-42CC-99CE-BFF1A68BF929}.Release|iPhone.Build.0 = Release|Any CPU
		{D5737392-78CA-42CC-99CE-BFF1A68BF929}.Release|iPhone.Deploy.0 = Release|Any CPU
		{D5737392-78CA-42CC-99CE-BFF1A68BF929}.Release|iPhoneSimulator.ActiveCfg = Release|Any CPU
		{D5737392-78CA-42CC-99CE-BFF1A68BF929}.Release|iPhoneSimulator.Build.0 = Release|Any CPU
		{D5737392-78CA-42CC-99CE-BFF1A68BF929}.Release|iPhoneSimulator.Deploy.0 = Release|Any CPU
		{A701D394-2AE5-4E64-B052-C7D4F0D7E8E7}.Ad-Hoc|Any CPU.ActiveCfg = Ad-Hoc|iPhone
		{A701D394-2AE5-4E64-B052-C7D4F0D7E8E7}.Ad-Hoc|iPhone.ActiveCfg = Ad-Hoc|iPhone
		{A701D394-2AE5-4E64-B052-C7D4F0D7E8E7}.Ad-Hoc|iPhone.Build.0 = Ad-Hoc|iPhone
		{A701D394-2AE5-4E64-B052-C7D4F0D7E8E7}.Ad-Hoc|iPhoneSimulator.ActiveCfg = Ad-Hoc|iPhoneSimulator
		{A701D394-2AE5-4E64-B052-C7D4F0D7E8E7}.Ad-Hoc|iPhoneSimulator.Build.0 = Ad-Hoc|iPhoneSimulator
		{A701D394-2AE5-4E64-B052-C7D4F0D7E8E7}.AppStore|Any CPU.ActiveCfg = AppStore|iPhone
		{A701D394-2AE5-4E64-B052-C7D4F0D7E8E7}.AppStore|iPhone.ActiveCfg = AppStore|iPhone
		{A701D394-2AE5-4E64-B052-C7D4F0D7E8E7}.AppStore|iPhone.Build.0 = AppStore|iPhone
		{A701D394-2AE5-4E64-B052-C7D4F0D7E8E7}.AppStore|iPhoneSimulator.ActiveCfg = AppStore|iPhoneSimulator
		{A701D394-2AE5-4E64-B052-C7D4F0D7E8E7}.AppStore|iPhoneSimulator.Build.0 = AppStore|iPhoneSimulator
		{A701D394-2AE5-4E64-B052-C7D4F0D7E8E7}.Debug|Any CPU.ActiveCfg = Debug|iPhone
		{A701D394-2AE5-4E64-B052-C7D4F0D7E8E7}.Debug|iPhone.ActiveCfg = Debug|iPhone
		{A701D394-2AE5-4E64-B052-C7D4F0D7E8E7}.Debug|iPhone.Build.0 = Debug|iPhone
		{A701D394-2AE5-4E64-B052-C7D4F0D7E8E7}.Debug|iPhoneSimulator.ActiveCfg = Debug|iPhoneSimulator
		{A701D394-2AE5-4E64-B052-C7D4F0D7E8E7}.Debug|iPhoneSimulator.Build.0 = Debug|iPhoneSimulator
		{A701D394-2AE5-4E64-B052-C7D4F0D7E8E7}.Release|Any CPU.ActiveCfg = Release|iPhone
		{A701D394-2AE5-4E64-B052-C7D4F0D7E8E7}.Release|iPhone.ActiveCfg = Release|iPhone
		{A701D394-2AE5-4E64-B052-C7D4F0D7E8E7}.Release|iPhone.Build.0 = Release|iPhone
		{A701D394-2AE5-4E64-B052-C7D4F0D7E8E7}.Release|iPhoneSimulator.ActiveCfg = Release|iPhoneSimulator
		{A701D394-2AE5-4E64-B052-C7D4F0D7E8E7}.Release|iPhoneSimulator.Build.0 = Release|iPhoneSimulator
	EndGlobalSection
	GlobalSection(SolutionProperties) = preSolution
		HideSolutionNode = FALSE
	EndGlobalSection
	GlobalSection(ExtensibilityGlobals) = postSolution
		SolutionGuid = {5187F460-DED2-441D-9031-21AE00097DB0}
	EndGlobalSection
EndGlobal
